// !$*UTF8*$!
{
	archiveVersion = 1;
	classes = {
	};
	objectVersion = 50;
	objects = {

/* Begin PBXBuildFile section */
		EF9DE05326A0392400A18846 /* AppDelegate.swift in Sources */ = {isa = PBXBuildFile; fileRef = EF9DE05226A0392400A18846 /* AppDelegate.swift */; };
		EF9DE05526A0392400A18846 /* SceneDelegate.swift in Sources */ = {isa = PBXBuildFile; fileRef = EF9DE05426A0392400A18846 /* SceneDelegate.swift */; };
		EF9DE05726A0392400A18846 /* ViewController.swift in Sources */ = {isa = PBXBuildFile; fileRef = EF9DE05626A0392400A18846 /* ViewController.swift */; };
		EF9DE05A26A0392400A18846 /* Main.storyboard in Resources */ = {isa = PBXBuildFile; fileRef = EF9DE05826A0392400A18846 /* Main.storyboard */; };
		EF9DE05C26A0392500A18846 /* Assets.xcassets in Resources */ = {isa = PBXBuildFile; fileRef = EF9DE05B26A0392500A18846 /* Assets.xcassets */; };
		EF9DE05F26A0392500A18846 /* LaunchScreen.storyboard in Resources */ = {isa = PBXBuildFile; fileRef = EF9DE05D26A0392500A18846 /* LaunchScreen.storyboard */; };
		EF9DE06A26A0392500A18846 /* PhotoAppTests.swift in Sources */ = {isa = PBXBuildFile; fileRef = EF9DE06926A0392500A18846 /* PhotoAppTests.swift */; };
		EF9DE07526A0392500A18846 /* PhotoAppUITests.swift in Sources */ = {isa = PBXBuildFile; fileRef = EF9DE07426A0392500A18846 /* PhotoAppUITests.swift */; };
		EF9DE08326A04E1200A18846 /* imageCollectionViewCell.swift in Sources */ = {isa = PBXBuildFile; fileRef = EF9DE08226A04E1200A18846 /* imageCollectionViewCell.swift */; };
/* End PBXBuildFile section */

/* Begin PBXContainerItemProxy section */
		EF9DE06626A0392500A18846 /* PBXContainerItemProxy */ = {
			isa = PBXContainerItemProxy;
			containerPortal = EF9DE04726A0392400A18846 /* Project object */;
			proxyType = 1;
			remoteGlobalIDString = EF9DE04E26A0392400A18846;
			remoteInfo = PhotoApp;
		};
		EF9DE07126A0392500A18846 /* PBXContainerItemProxy */ = {
			isa = PBXContainerItemProxy;
			containerPortal = EF9DE04726A0392400A18846 /* Project object */;
			proxyType = 1;
			remoteGlobalIDString = EF9DE04E26A0392400A18846;
			remoteInfo = PhotoApp;
		};
/* End PBXContainerItemProxy section */

/* Begin PBXFileReference section */
		EF9DE04F26A0392400A18846 /* PhotoApp.app */ = {isa = PBXFileReference; explicitFileType = wrapper.application; includeInIndex = 0; path = PhotoApp.app; sourceTree = BUILT_PRODUCTS_DIR; };
		EF9DE05226A0392400A18846 /* AppDelegate.swift */ = {isa = PBXFileReference; lastKnownFileType = sourcecode.swift; path = AppDelegate.swift; sourceTree = "<group>"; };
		EF9DE05426A0392400A18846 /* SceneDelegate.swift */ = {isa = PBXFileReference; lastKnownFileType = sourcecode.swift; path = SceneDelegate.swift; sourceTree = "<group>"; };
		EF9DE05626A0392400A18846 /* ViewController.swift */ = {isa = PBXFileReference; lastKnownFileType = sourcecode.swift; path = ViewController.swift; sourceTree = "<group>"; };
		EF9DE05926A0392400A18846 /* Base */ = {isa = PBXFileReference; lastKnownFileType = file.storyboard; name = Base; path = Base.lproj/Main.storyboard; sourceTree = "<group>"; };
		EF9DE05B26A0392500A18846 /* Assets.xcassets */ = {isa = PBXFileReference; lastKnownFileType = folder.assetcatalog; path = Assets.xcassets; sourceTree = "<group>"; };
		EF9DE05E26A0392500A18846 /* Base */ = {isa = PBXFileReference; lastKnownFileType = file.storyboard; name = Base; path = Base.lproj/LaunchScreen.storyboard; sourceTree = "<group>"; };
		EF9DE06026A0392500A18846 /* Info.plist */ = {isa = PBXFileReference; lastKnownFileType = text.plist.xml; path = Info.plist; sourceTree = "<group>"; };
		EF9DE06526A0392500A18846 /* PhotoAppTests.xctest */ = {isa = PBXFileReference; explicitFileType = wrapper.cfbundle; includeInIndex = 0; path = PhotoAppTests.xctest; sourceTree = BUILT_PRODUCTS_DIR; };
		EF9DE06926A0392500A18846 /* PhotoAppTests.swift */ = {isa = PBXFileReference; lastKnownFileType = sourcecode.swift; path = PhotoAppTests.swift; sourceTree = "<group>"; };
		EF9DE06B26A0392500A18846 /* Info.plist */ = {isa = PBXFileReference; lastKnownFileType = text.plist.xml; path = Info.plist; sourceTree = "<group>"; };
		EF9DE07026A0392500A18846 /* PhotoAppUITests.xctest */ = {isa = PBXFileReference; explicitFileType = wrapper.cfbundle; includeInIndex = 0; path = PhotoAppUITests.xctest; sourceTree = BUILT_PRODUCTS_DIR; };
		EF9DE07426A0392500A18846 /* PhotoAppUITests.swift */ = {isa = PBXFileReference; lastKnownFileType = sourcecode.swift; path = PhotoAppUITests.swift; sourceTree = "<group>"; };
		EF9DE07626A0392500A18846 /* Info.plist */ = {isa = PBXFileReference; lastKnownFileType = text.plist.xml; path = Info.plist; sourceTree = "<group>"; };
		EF9DE08226A04E1200A18846 /* imageCollectionViewCell.swift */ = {isa = PBXFileReference; lastKnownFileType = sourcecode.swift; path = imageCollectionViewCell.swift; sourceTree = "<group>"; };
/* End PBXFileReference section */

/* Begin PBXFrameworksBuildPhase section */
		EF9DE04C26A0392400A18846 /* Frameworks */ = {
			isa = PBXFrameworksBuildPhase;
			buildActionMask = 2147483647;
			files = (
			);
			runOnlyForDeploymentPostprocessing = 0;
		};
		EF9DE06226A0392500A18846 /* Frameworks */ = {
			isa = PBXFrameworksBuildPhase;
			buildActionMask = 2147483647;
			files = (
			);
			runOnlyForDeploymentPostprocessing = 0;
		};
		EF9DE06D26A0392500A18846 /* Frameworks */ = {
			isa = PBXFrameworksBuildPhase;
			buildActionMask = 2147483647;
			files = (
			);
			runOnlyForDeploymentPostprocessing = 0;
		};
/* End PBXFrameworksBuildPhase section */

/* Begin PBXGroup section */
		EF9DE04626A0392400A18846 = {
			isa = PBXGroup;
			children = (
				EF9DE05126A0392400A18846 /* PhotoApp */,
				EF9DE06826A0392500A18846 /* PhotoAppTests */,
				EF9DE07326A0392500A18846 /* PhotoAppUITests */,
				EF9DE05026A0392400A18846 /* Products */,
			);
			sourceTree = "<group>";
		};
		EF9DE05026A0392400A18846 /* Products */ = {
			isa = PBXGroup;
			children = (
				EF9DE04F26A0392400A18846 /* PhotoApp.app */,
				EF9DE06526A0392500A18846 /* PhotoAppTests.xctest */,
				EF9DE07026A0392500A18846 /* PhotoAppUITests.xctest */,
			);
			name = Products;
			sourceTree = "<group>";
		};
		EF9DE05126A0392400A18846 /* PhotoApp */ = {
			isa = PBXGroup;
			children = (
				EF9DE05226A0392400A18846 /* AppDelegate.swift */,
				EF9DE05426A0392400A18846 /* SceneDelegate.swift */,
				EF9DE05626A0392400A18846 /* ViewController.swift */,
				EF9DE08226A04E1200A18846 /* imageCollectionViewCell.swift */,
				EF9DE05826A0392400A18846 /* Main.storyboard */,
				EF9DE05B26A0392500A18846 /* Assets.xcassets */,
				EF9DE05D26A0392500A18846 /* LaunchScreen.storyboard */,
				EF9DE06026A0392500A18846 /* Info.plist */,
			);
			path = PhotoApp;
			sourceTree = "<group>";
		};
		EF9DE06826A0392500A18846 /* PhotoAppTests */ = {
			isa = PBXGroup;
			children = (
				EF9DE06926A0392500A18846 /* PhotoAppTests.swift */,
				EF9DE06B26A0392500A18846 /* Info.plist */,
			);
			path = PhotoAppTests;
			sourceTree = "<group>";
		};
		EF9DE07326A0392500A18846 /* PhotoAppUITests */ = {
			isa = PBXGroup;
			children = (
				EF9DE07426A0392500A18846 /* PhotoAppUITests.swift */,
				EF9DE07626A0392500A18846 /* Info.plist */,
			);
			path = PhotoAppUITests;
			sourceTree = "<group>";
		};
/* End PBXGroup section */

/* Begin PBXNativeTarget section */
		EF9DE04E26A0392400A18846 /* PhotoApp */ = {
			isa = PBXNativeTarget;
			buildConfigurationList = EF9DE07926A0392500A18846 /* Build configuration list for PBXNativeTarget "PhotoApp" */;
			buildPhases = (
				EF9DE04B26A0392400A18846 /* Sources */,
				EF9DE04C26A0392400A18846 /* Frameworks */,
				EF9DE04D26A0392400A18846 /* Resources */,
			);
			buildRules = (
			);
			dependencies = (
			);
			name = PhotoApp;
			productName = PhotoApp;
			productReference = EF9DE04F26A0392400A18846 /* PhotoApp.app */;
			productType = "com.apple.product-type.application";
		};
		EF9DE06426A0392500A18846 /* PhotoAppTests */ = {
			isa = PBXNativeTarget;
			buildConfigurationList = EF9DE07C26A0392500A18846 /* Build configuration list for PBXNativeTarget "PhotoAppTests" */;
			buildPhases = (
				EF9DE06126A0392500A18846 /* Sources */,
				EF9DE06226A0392500A18846 /* Frameworks */,
				EF9DE06326A0392500A18846 /* Resources */,
			);
			buildRules = (
			);
			dependencies = (
				EF9DE06726A0392500A18846 /* PBXTargetDependency */,
			);
			name = PhotoAppTests;
			productName = PhotoAppTests;
			productReference = EF9DE06526A0392500A18846 /* PhotoAppTests.xctest */;
			productType = "com.apple.product-type.bundle.unit-test";
		};
		EF9DE06F26A0392500A18846 /* PhotoAppUITests */ = {
			isa = PBXNativeTarget;
			buildConfigurationList = EF9DE07F26A0392500A18846 /* Build configuration list for PBXNativeTarget "PhotoAppUITests" */;
			buildPhases = (
				EF9DE06C26A0392500A18846 /* Sources */,
				EF9DE06D26A0392500A18846 /* Frameworks */,
				EF9DE06E26A0392500A18846 /* Resources */,
			);
			buildRules = (
			);
			dependencies = (
				EF9DE07226A0392500A18846 /* PBXTargetDependency */,
			);
			name = PhotoAppUITests;
			productName = PhotoAppUITests;
			productReference = EF9DE07026A0392500A18846 /* PhotoAppUITests.xctest */;
			productType = "com.apple.product-type.bundle.ui-testing";
		};
/* End PBXNativeTarget section */

/* Begin PBXProject section */
		EF9DE04726A0392400A18846 /* Project object */ = {
			isa = PBXProject;
			attributes = {
				LastSwiftUpdateCheck = 1250;
				LastUpgradeCheck = 1250;
				TargetAttributes = {
					EF9DE04E26A0392400A18846 = {
						CreatedOnToolsVersion = 12.5.1;
					};
					EF9DE06426A0392500A18846 = {
						CreatedOnToolsVersion = 12.5.1;
						TestTargetID = EF9DE04E26A0392400A18846;
					};
					EF9DE06F26A0392500A18846 = {
						CreatedOnToolsVersion = 12.5.1;
						TestTargetID = EF9DE04E26A0392400A18846;
					};
				};
			};
			buildConfigurationList = EF9DE04A26A0392400A18846 /* Build configuration list for PBXProject "PhotoApp" */;
			compatibilityVersion = "Xcode 9.3";
			developmentRegion = en;
			hasScannedForEncodings = 0;
			knownRegions = (
				en,
				Base,
			);
			mainGroup = EF9DE04626A0392400A18846;
			productRefGroup = EF9DE05026A0392400A18846 /* Products */;
			projectDirPath = "";
			projectRoot = "";
			targets = (
				EF9DE04E26A0392400A18846 /* PhotoApp */,
				EF9DE06426A0392500A18846 /* PhotoAppTests */,
				EF9DE06F26A0392500A18846 /* PhotoAppUITests */,
			);
		};
/* End PBXProject section */

/* Begin PBXResourcesBuildPhase section */
		EF9DE04D26A0392400A18846 /* Resources */ = {
			isa = PBXResourcesBuildPhase;
			buildActionMask = 2147483647;
			files = (
				EF9DE05F26A0392500A18846 /* LaunchScreen.storyboard in Resources */,
				EF9DE05C26A0392500A18846 /* Assets.xcassets in Resources */,
				EF9DE05A26A0392400A18846 /* Main.storyboard in Resources */,
			);
			runOnlyForDeploymentPostprocessing = 0;
		};
		EF9DE06326A0392500A18846 /* Resources */ = {
			isa = PBXResourcesBuildPhase;
			buildActionMask = 2147483647;
			files = (
			);
			runOnlyForDeploymentPostprocessing = 0;
		};
		EF9DE06E26A0392500A18846 /* Resources */ = {
			isa = PBXResourcesBuildPhase;
			buildActionMask = 2147483647;
			files = (
			);
			runOnlyForDeploymentPostprocessing = 0;
		};
/* End PBXResourcesBuildPhase section */

/* Begin PBXSourcesBuildPhase section */
		EF9DE04B26A0392400A18846 /* Sources */ = {
			isa = PBXSourcesBuildPhase;
			buildActionMask = 2147483647;
			files = (
				EF9DE05726A0392400A18846 /* ViewController.swift in Sources */,
				EF9DE05326A0392400A18846 /* AppDelegate.swift in Sources */,
				EF9DE08326A04E1200A18846 /* imageCollectionViewCell.swift in Sources */,
				EF9DE05526A0392400A18846 /* SceneDelegate.swift in Sources */,
			);
			runOnlyForDeploymentPostprocessing = 0;
		};
		EF9DE06126A0392500A18846 /* Sources */ = {
			isa = PBXSourcesBuildPhase;
			buildActionMask = 2147483647;
			files = (
				EF9DE06A26A0392500A18846 /* PhotoAppTests.swift in Sources */,
			);
			runOnlyForDeploymentPostprocessing = 0;
		};
		EF9DE06C26A0392500A18846 /* Sources */ = {
			isa = PBXSourcesBuildPhase;
			buildActionMask = 2147483647;
			files = (
				EF9DE07526A0392500A18846 /* PhotoAppUITests.swift in Sources */,
			);
			runOnlyForDeploymentPostprocessing = 0;
		};
/* End PBXSourcesBuildPhase section */

/* Begin PBXTargetDependency section */
		EF9DE06726A0392500A18846 /* PBXTargetDependency */ = {
			isa = PBXTargetDependency;
			target = EF9DE04E26A0392400A18846 /* PhotoApp */;
			targetProxy = EF9DE06626A0392500A18846 /* PBXContainerItemProxy */;
		};
		EF9DE07226A0392500A18846 /* PBXTargetDependency */ = {
			isa = PBXTargetDependency;
			target = EF9DE04E26A0392400A18846 /* PhotoApp */;
			targetProxy = EF9DE07126A0392500A18846 /* PBXContainerItemProxy */;
		};
/* End PBXTargetDependency section */

/* Begin PBXVariantGroup section */
		EF9DE05826A0392400A18846 /* Main.storyboard */ = {
			isa = PBXVariantGroup;
			children = (
				EF9DE05926A0392400A18846 /* Base */,
			);
			name = Main.storyboard;
			sourceTree = "<group>";
		};
		EF9DE05D26A0392500A18846 /* LaunchScreen.storyboard */ = {
			isa = PBXVariantGroup;
			children = (
				EF9DE05E26A0392500A18846 /* Base */,
			);
			name = LaunchScreen.storyboard;
			sourceTree = "<group>";
		};
/* End PBXVariantGroup section */

/* Begin XCBuildConfiguration section */
		EF9DE07726A0392500A18846 /* Debug */ = {
			isa = XCBuildConfiguration;
			buildSettings = {
				ALWAYS_SEARCH_USER_PATHS = NO;
				CLANG_ANALYZER_NONNULL = YES;
				CLANG_ANALYZER_NUMBER_OBJECT_CONVERSION = YES_AGGRESSIVE;
				CLANG_CXX_LANGUAGE_STANDARD = "gnu++14";
				CLANG_CXX_LIBRARY = "libc++";
				CLANG_ENABLE_MODULES = YES;
				CLANG_ENABLE_OBJC_ARC = YES;
				CLANG_ENABLE_OBJC_WEAK = YES;
				CLANG_WARN_BLOCK_CAPTURE_AUTORELEASING = YES;
				CLANG_WARN_BOOL_CONVERSION = YES;
				CLANG_WARN_COMMA = YES;
				CLANG_WARN_CONSTANT_CONVERSION = YES;
				CLANG_WARN_DEPRECATED_OBJC_IMPLEMENTATIONS = YES;
				CLANG_WARN_DIRECT_OBJC_ISA_USAGE = YES_ERROR;
				CLANG_WARN_DOCUMENTATION_COMMENTS = YES;
				CLANG_WARN_EMPTY_BODY = YES;
				CLANG_WARN_ENUM_CONVERSION = YES;
				CLANG_WARN_INFINITE_RECURSION = YES;
				CLANG_WARN_INT_CONVERSION = YES;
				CLANG_WARN_NON_LITERAL_NULL_CONVERSION = YES;
				CLANG_WARN_OBJC_IMPLICIT_RETAIN_SELF = YES;
				CLANG_WARN_OBJC_LITERAL_CONVERSION = YES;
				CLANG_WARN_OBJC_ROOT_CLASS = YES_ERROR;
				CLANG_WARN_QUOTED_INCLUDE_IN_FRAMEWORK_HEADER = YES;
				CLANG_WARN_RANGE_LOOP_ANALYSIS = YES;
				CLANG_WARN_STRICT_PROTOTYPES = YES;
				CLANG_WARN_SUSPICIOUS_MOVE = YES;
				CLANG_WARN_UNGUARDED_AVAILABILITY = YES_AGGRESSIVE;
				CLANG_WARN_UNREACHABLE_CODE = YES;
				CLANG_WARN__DUPLICATE_METHOD_MATCH = YES;
				COPY_PHASE_STRIP = NO;
				DEBUG_INFORMATION_FORMAT = dwarf;
				ENABLE_STRICT_OBJC_MSGSEND = YES;
				ENABLE_TESTABILITY = YES;
				GCC_C_LANGUAGE_STANDARD = gnu11;
				GCC_DYNAMIC_NO_PIC = NO;
				GCC_NO_COMMON_BLOCKS = YES;
				GCC_OPTIMIZATION_LEVEL = 0;
				GCC_PREPROCESSOR_DEFINITIONS = (
					"DEBUG=1",
					"$(inherited)",
				);
				GCC_WARN_64_TO_32_BIT_CONVERSION = YES;
				GCC_WARN_ABOUT_RETURN_TYPE = YES_ERROR;
				GCC_WARN_UNDECLARED_SELECTOR = YES;
				GCC_WARN_UNINITIALIZED_AUTOS = YES_AGGRESSIVE;
				GCC_WARN_UNUSED_FUNCTION = YES;
				GCC_WARN_UNUSED_VARIABLE = YES;
				IPHONEOS_DEPLOYMENT_TARGET = 14.5;
				MTL_ENABLE_DEBUG_INFO = INCLUDE_SOURCE;
				MTL_FAST_MATH = YES;
				ONLY_ACTIVE_ARCH = YES;
				SDKROOT = iphoneos;
				SWIFT_ACTIVE_COMPILATION_CONDITIONS = DEBUG;
				SWIFT_OPTIMIZATION_LEVEL = "-Onone";
			};
			name = Debug;
		};
		EF9DE07826A0392500A18846 /* Release */ = {
			isa = XCBuildConfiguration;
			buildSettings = {
				ALWAYS_SEARCH_USER_PATHS = NO;
				CLANG_ANALYZER_NONNULL = YES;
				CLANG_ANALYZER_NUMBER_OBJECT_CONVERSION = YES_AGGRESSIVE;
				CLANG_CXX_LANGUAGE_STANDARD = "gnu++14";
				CLANG_CXX_LIBRARY = "libc++";
				CLANG_ENABLE_MODULES = YES;
				CLANG_ENABLE_OBJC_ARC = YES;
				CLANG_ENABLE_OBJC_WEAK = YES;
				CLANG_WARN_BLOCK_CAPTURE_AUTORELEASING = YES;
				CLANG_WARN_BOOL_CONVERSION = YES;
				CLANG_WARN_COMMA = YES;
				CLANG_WARN_CONSTANT_CONVERSION = YES;
				CLANG_WARN_DEPRECATED_OBJC_IMPLEMENTATIONS = YES;
				CLANG_WARN_DIRECT_OBJC_ISA_USAGE = YES_ERROR;
				CLANG_WARN_DOCUMENTATION_COMMENTS = YES;
				CLANG_WARN_EMPTY_BODY = YES;
				CLANG_WARN_ENUM_CONVERSION = YES;
				CLANG_WARN_INFINITE_RECURSION = YES;
				CLANG_WARN_INT_CONVERSION = YES;
				CLANG_WARN_NON_LITERAL_NULL_CONVERSION = YES;
				CLANG_WARN_OBJC_IMPLICIT_RETAIN_SELF = YES;
				CLANG_WARN_OBJC_LITERAL_CONVERSION = YES;
				CLANG_WARN_OBJC_ROOT_CLASS = YES_ERROR;
				CLANG_WARN_QUOTED_INCLUDE_IN_FRAMEWORK_HEADER = YES;
				CLANG_WARN_RANGE_LOOP_ANALYSIS = YES;
				CLANG_WARN_STRICT_PROTOTYPES = YES;
				CLANG_WARN_SUSPICIOUS_MOVE = YES;
				CLANG_WARN_UNGUARDED_AVAILABILITY = YES_AGGRESSIVE;
				CLANG_WARN_UNREACHABLE_CODE = YES;
				CLANG_WARN__DUPLICATE_METHOD_MATCH = YES;
				COPY_PHASE_STRIP = NO;
				DEBUG_INFORMATION_FORMAT = "dwarf-with-dsym";
				ENABLE_NS_ASSERTIONS = NO;
				ENABLE_STRICT_OBJC_MSGSEND = YES;
				GCC_C_LANGUAGE_STANDARD = gnu11;
				GCC_NO_COMMON_BLOCKS = YES;
				GCC_WARN_64_TO_32_BIT_CONVERSION = YES;
				GCC_WARN_ABOUT_RETURN_TYPE = YES_ERROR;
				GCC_WARN_UNDECLARED_SELECTOR = YES;
				GCC_WARN_UNINITIALIZED_AUTOS = YES_AGGRESSIVE;
				GCC_WARN_UNUSED_FUNCTION = YES;
				GCC_WARN_UNUSED_VARIABLE = YES;
				IPHONEOS_DEPLOYMENT_TARGET = 14.5;
				MTL_ENABLE_DEBUG_INFO = NO;
				MTL_FAST_MATH = YES;
				SDKROOT = iphoneos;
				SWIFT_COMPILATION_MODE = wholemodule;
				SWIFT_OPTIMIZATION_LEVEL = "-O";
				VALIDATE_PRODUCT = YES;
			};
			name = Release;
		};
		EF9DE07A26A0392500A18846 /* Debug */ = {
			isa = XCBuildConfiguration;
			buildSettings = {
				ASSETCATALOG_COMPILER_APPICON_NAME = AppIcon;
				ASSETCATALOG_COMPILER_GLOBAL_ACCENT_COLOR_NAME = AccentColor;
				CODE_SIGN_STYLE = Automatic;
				INFOPLIST_FILE = PhotoApp/Info.plist;
				LD_RUNPATH_SEARCH_PATHS = (
					"$(inherited)",
					"@executable_path/Frameworks",
				);
				PRODUCT_BUNDLE_IDENTIFIER = com.sample.PhotoApp;
				PRODUCT_NAME = "$(TARGET_NAME)";
				SWIFT_VERSION = 5.0;
				TARGETED_DEVICE_FAMILY = "1,2";
			};
			name = Debug;
		};
		EF9DE07B26A0392500A18846 /* Release */ = {
			isa = XCBuildConfiguration;
			buildSettings = {
				ASSETCATALOG_COMPILER_APPICON_NAME = AppIcon;
				ASSETCATALOG_COMPILER_GLOBAL_ACCENT_COLOR_NAME = AccentColor;
				CODE_SIGN_STYLE = Automatic;
				INFOPLIST_FILE = PhotoApp/Info.plist;
				LD_RUNPATH_SEARCH_PATHS = (
					"$(inherited)",
					"@executable_path/Frameworks",
				);
				PRODUCT_BUNDLE_IDENTIFIER = com.sample.PhotoApp;
				PRODUCT_NAME = "$(TARGET_NAME)";
				SWIFT_VERSION = 5.0;
				TARGETED_DEVICE_FAMILY = "1,2";
			};
			name = Release;
		};
		EF9DE07D26A0392500A18846 /* Debug */ = {
			isa = XCBuildConfiguration;
			buildSettings = {
				ALWAYS_EMBED_SWIFT_STANDARD_LIBRARIES = YES;
				BUNDLE_LOADER = "$(TEST_HOST)";
				CODE_SIGN_STYLE = Automatic;
				INFOPLIST_FILE = PhotoAppTests/Info.plist;
				IPHONEOS_DEPLOYMENT_TARGET = 14.5;
				LD_RUNPATH_SEARCH_PATHS = (
					"$(inherited)",
					"@executable_path/Frameworks",
					"@loader_path/Frameworks",
				);
				PRODUCT_BUNDLE_IDENTIFIER = com.sample.PhotoAppTests;
				PRODUCT_NAME = "$(TARGET_NAME)";
				SWIFT_VERSION = 5.0;
				TARGETED_DEVICE_FAMILY = "1,2";
				TEST_HOST = "$(BUILT_PRODUCTS_DIR)/PhotoApp.app/PhotoApp";
			};
			name = Debug;
		};
		EF9DE07E26A0392500A18846 /* Release */ = {
			isa = XCBuildConfiguration;
			buildSettings = {
				ALWAYS_EMBED_SWIFT_STANDARD_LIBRARIES = YES;
				BUNDLE_LOADER = "$(TEST_HOST)";
				CODE_SIGN_STYLE = Automatic;
				INFOPLIST_FILE = PhotoAppTests/Info.plist;
				IPHONEOS_DEPLOYMENT_TARGET = 14.5;
				LD_RUNPATH_SEARCH_PATHS = (
					"$(inherited)",
					"@executable_path/Frameworks",
					"@loader_path/Frameworks",
				);
				PRODUCT_BUNDLE_IDENTIFIER = com.sample.PhotoAppTests;
				PRODUCT_NAME = "$(TARGET_NAME)";
				SWIFT_VERSION = 5.0;
				TARGETED_DEVICE_FAMILY = "1,2";
				TEST_HOST = "$(BUILT_PRODUCTS_DIR)/PhotoApp.app/PhotoApp";
			};
			name = Release;
		};
		EF9DE08026A0392500A18846 /* Debug */ = {
			isa = XCBuildConfiguration;
			buildSettings = {
				ALWAYS_EMBED_SWIFT_STANDARD_LIBRARIES = YES;
				CODE_SIGN_STYLE = Automatic;
				INFOPLIST_FILE = PhotoAppUITests/Info.plist;
				LD_RUNPATH_SEARCH_PATHS = (
					"$(inherited)",
					"@executable_path/Frameworks",
					"@loader_path/Frameworks",
				);
				PRODUCT_BUNDLE_IDENTIFIER = com.sample.PhotoAppUITests;
				PRODUCT_NAME = "$(TARGET_NAME)";
				SWIFT_VERSION = 5.0;
				TARGETED_DEVICE_FAMILY = "1,2";
				TEST_TARGET_NAME = PhotoApp;
			};
			name = Debug;
		};
		EF9DE08126A0392500A18846 /* Release */ = {
			isa = XCBuildConfiguration;
			buildSettings = {
				ALWAYS_EMBED_SWIFT_STANDARD_LIBRARIES = YES;
				CODE_SIGN_STYLE = Automatic;
				INFOPLIST_FILE = PhotoAppUITests/Info.plist;
				LD_RUNPATH_SEARCH_PATHS = (
					"$(inherited)",
					"@executable_path/Frameworks",
					"@loader_path/Frameworks",
				);
				PRODUCT_BUNDLE_IDENTIFIER = com.sample.PhotoAppUITests;
				PRODUCT_NAME = "$(TARGET_NAME)";
				SWIFT_VERSION = 5.0;
				TARGETED_DEVICE_FAMILY = "1,2";
				TEST_TARGET_NAME = PhotoApp;
			};
			name = Release;
		};
/* End XCBuildConfiguration section */

/* Begin XCConfigurationList section */
		EF9DE04A26A0392400A18846 /* Build configuration list for PBXProject "PhotoApp" */ = {
			isa = XCConfigurationList;
			buildConfigurations = (
				EF9DE07726A0392500A18846 /* Debug */,
				EF9DE07826A0392500A18846 /* Release */,
			);
			defaultConfigurationIsVisible = 0;
			defaultConfigurationName = Release;
		};
		EF9DE07926A0392500A18846 /* Build configuration list for PBXNativeTarget "PhotoApp" */ = {
			isa = XCConfigurationList;
			buildConfigurations = (
				EF9DE07A26A0392500A18846 /* Debug */,
				EF9DE07B26A0392500A18846 /* Release */,
			);
			defaultConfigurationIsVisible = 0;
			defaultConfigurationName = Release;
		};
		EF9DE07C26A0392500A18846 /* Build configuration list for PBXNativeTarget "PhotoAppTests" */ = {
			isa = XCConfigurationList;
			buildConfigurations = (
				EF9DE07D26A0392500A18846 /* Debug */,
				EF9DE07E26A0392500A18846 /* Release */,
			);
			defaultConfigurationIsVisible = 0;
			defaultConfigurationName = Release;
		};
		EF9DE07F26A0392500A18846 /* Build configuration list for PBXNativeTarget "PhotoAppUITests" */ = {
			isa = XCConfigurationList;
			buildConfigurations = (
				EF9DE08026A0392500A18846 /* Debug */,
				EF9DE08126A0392500A18846 /* Release */,
			);
			defaultConfigurationIsVisible = 0;
			defaultConfigurationName = Release;
		};
/* End XCConfigurationList section */
	};
	rootObject = EF9DE04726A0392400A18846 /* Project object */;
}
